
Microsoft Visual Studio Solution File, Format Version 12.00
# Visual Studio 15
VisualStudioVersion = 15.0.27004.2009
MinimumVisualStudioVersion = 10.0.40219.1
Project("{FAE04EC0-301F-11D3-BF4B-00C04F79EFBC}") = "TcpIp", "TcpIp\TcpIp.csproj", "{B19E630C-BF3A-4CDF-A628-A8C10CDEFF41}"
EndProject
Global
	GlobalSection(SolutionConfigurationPlatforms) = preSolution
		Debug|Any CPU = Debug|Any CPU
		Release|Any CPU = Release|Any CPU
	EndGlobalSection
	GlobalSection(ProjectConfigurationPlatforms) = postSolution
		{B19E630C-BF3A-4CDF-A628-A8C10CDEFF41}.Debug|Any CPU.ActiveCfg = Debug|Any CPU
		{B19E630C-BF3A-4CDF-A628-A8C10CDEFF41}.Debug|Any CPU.Build.0 = Debug|Any CPU
		{B19E630C-BF3A-4CDF-A628-A8C10CDEFF41}.Release|Any CPU.ActiveCfg = Release|Any CPU
		{B19E630C-BF3A-4CDF-A628-A8C10CDEFF41}.Release|Any CPU.Build.0 = Release|Any CPU
	EndGlobalSection
	GlobalSection(SolutionProperties) = preSolution
		HideSolutionNode = FALSE
	EndGlobalSection
	GlobalSection(ExtensibilityGlobals) = postSolution
		SolutionGuid = {25E47334-D32D-4304-A0D6-5F008E47898B}
	EndGlobalSection
EndGlobal
